
Microsoft Visual Studio Solution File, Format Version 12.00
# Visual Studio Version 17
VisualStudioVersion = 17.14.36429.23 d17.14
MinimumVisualStudioVersion = 10.0.40219.1
Project("{2150E333-8FDC-42A3-9474-1A3956D46DE8}") = "Task0", "Task0", "{02EA681E-C7D8-13C7-8484-4AC65E1B71E8}"
EndProject
Project("{FAE04EC0-301F-11D3-BF4B-00C04F79EFBC}") = "Tyuiu.DunaizevAO.Sprint1.Task0.V16", "Tyuiu.DunaizevAO.Sprint1.Task0.V16\Tyuiu.DunaizevAO.Sprint1.Task0.V16.csproj", "{DDE836CD-4A7A-42B9-A27F-A671C69EB852}"
EndProject
Project("{FAE04EC0-301F-11D3-BF4B-00C04F79EFBC}") = "Tyuiu.DunaizevAO.Sprint1.Task0.V16.Lib", "Tyuiu.DunaizevAO.Sprint1.Task0.V16.Lib\Tyuiu.DunaizevAO.Sprint1.Task0.V16.Lib.csproj", "{01236691-0F14-4BB0-B3AA-24FFE1F7A1BA}"
EndProject
Project("{FAE04EC0-301F-11D3-BF4B-00C04F79EFBC}") = "Tyuiu.DunaizevAO.Sprint1.Task0.V16.Test", "Tyuiu.DunaizevAO.Sprint1.Task0.V16.Test\Tyuiu.DunaizevAO.Sprint1.Task0.V16.Test.csproj", "{96B9D26C-A89F-49C9-B34A-04087CEB8BEA}"
EndProject
Project("{2150E333-8FDC-42A3-9474-1A3956D46DE8}") = "Task1", "Task1", "{4D7A559E-D19F-4F40-A129-53A096BD4EFB}"
EndProject
Project("{FAE04EC0-301F-11D3-BF4B-00C04F79EFBC}") = "Tyuiu.DunaizevAO.Sprint1.Task1.V4", "Tyuiu.DunaizevAO.Sprint1.Task1.V4\Tyuiu.DunaizevAO.Sprint1.Task1.V4.csproj", "{A8E50A99-CBA1-4FE3-B6BF-8ECE9B7A4059}"
EndProject
Project("{FAE04EC0-301F-11D3-BF4B-00C04F79EFBC}") = "Tyuiu.DunaizevAO.Sprint1.Task1.V4.Lib", "Tyuiu.DunaizevAO.Sprint1.Task1.V4.Lib\Tyuiu.DunaizevAO.Sprint1.Task1.V4.Lib.csproj", "{8E7EA455-CA8C-4EE4-8D79-51CC5B8AB3C0}"
EndProject
Project("{FAE04EC0-301F-11D3-BF4B-00C04F79EFBC}") = "Tyuiu.DunaizevAO.Sprint1.Task1.V4.Test", "Tyuiu.DunaizevAO.Sprint1.Task1.V4.Test\Tyuiu.DunaizevAO.Sprint1.Task1.V4.Test.csproj", "{79BD9690-A771-4E50-ADEF-289332787A3E}"
EndProject
Project("{2150E333-8FDC-42A3-9474-1A3956D46DE8}") = "Task2", "Task2", "{3F291DD9-8928-4A77-AD2E-F6DDFD1700F1}"
EndProject
Project("{FAE04EC0-301F-11D3-BF4B-00C04F79EFBC}") = "Tyuiu.DunaizevAO.Sprint1.Task2.V17", "Tyuiu.DunaizevAO.Sprint1.Task2.V17\Tyuiu.DunaizevAO.Sprint1.Task2.V17.csproj", "{408F4BF7-611B-4AFB-846F-4B870E96DCD3}"
EndProject
Project("{FAE04EC0-301F-11D3-BF4B-00C04F79EFBC}") = "Tyuiu.DunaizevAO.Sprint1.Task2.V17.Lib", "Tyuiu.DunaizevAO.Sprint1.Task2.V17.Lib\Tyuiu.DunaizevAO.Sprint1.Task2.V17.Lib.csproj", "{E1CCC180-8DA0-44F2-89E9-7DA1B8AC94AF}"
EndProject
Project("{FAE04EC0-301F-11D3-BF4B-00C04F79EFBC}") = "Tyuiu.DunaizevAO.Sprint1.Task2.V17.Test", "Tyuiu.DunaizevAO.Sprint1.Task2.V17.Test\Tyuiu.DunaizevAO.Sprint1.Task2.V17.Test.csproj", "{1D4D3686-719B-4671-8CE8-FBEBA8E04E18}"
EndProject
Project("{2150E333-8FDC-42A3-9474-1A3956D46DE8}") = "Task3", "Task3", "{636FE0F0-031C-4DBB-8803-7BB778BF6D33}"
EndProject
Project("{FAE04EC0-301F-11D3-BF4B-00C04F79EFBC}") = "Tyuiu.DunaizevAO.Sprint1.Task3.V1", "Tyuiu.DunaizevAO.Sprint1.Task3.V1\Tyuiu.DunaizevAO.Sprint1.Task3.V1.csproj", "{68433C11-167C-446F-BAA6-A995B4CD63F0}"
EndProject
Project("{FAE04EC0-301F-11D3-BF4B-00C04F79EFBC}") = "Tyuiu.DunaizevAO.Sprint1.Task3.V1.Lib", "Tyuiu.DunaizevAO.Sprint1.Task3.V1.Lib\Tyuiu.DunaizevAO.Sprint1.Task3.V1.Lib.csproj", "{71EEBAA9-E4D1-4727-BD15-50583B748B03}"
EndProject
Project("{FAE04EC0-301F-11D3-BF4B-00C04F79EFBC}") = "Tyuiu.DunaizevAO.Sprint1.Task3.V1.Test", "Tyuiu.DunaizevAO.Sprint1.Task3.V1.Test\Tyuiu.DunaizevAO.Sprint1.Task3.V1.Test.csproj", "{188A8B10-481F-456C-8A2B-D1697E4A3DE2}"
EndProject
Global
	GlobalSection(SolutionConfigurationPlatforms) = preSolution
		Debug|Any CPU = Debug|Any CPU
		Release|Any CPU = Release|Any CPU
	EndGlobalSection
	GlobalSection(ProjectConfigurationPlatforms) = postSolution
		{DDE836CD-4A7A-42B9-A27F-A671C69EB852}.Debug|Any CPU.ActiveCfg = Debug|Any CPU
		{DDE836CD-4A7A-42B9-A27F-A671C69EB852}.Debug|Any CPU.Build.0 = Debug|Any CPU
		{DDE836CD-4A7A-42B9-A27F-A671C69EB852}.Release|Any CPU.ActiveCfg = Release|Any CPU
		{DDE836CD-4A7A-42B9-A27F-A671C69EB852}.Release|Any CPU.Build.0 = Release|Any CPU
		{01236691-0F14-4BB0-B3AA-24FFE1F7A1BA}.Debug|Any CPU.ActiveCfg = Debug|Any CPU
		{01236691-0F14-4BB0-B3AA-24FFE1F7A1BA}.Debug|Any CPU.Build.0 = Debug|Any CPU
		{01236691-0F14-4BB0-B3AA-24FFE1F7A1BA}.Release|Any CPU.ActiveCfg = Release|Any CPU
		{01236691-0F14-4BB0-B3AA-24FFE1F7A1BA}.Release|Any CPU.Build.0 = Release|Any CPU
		{96B9D26C-A89F-49C9-B34A-04087CEB8BEA}.Debug|Any CPU.ActiveCfg = Debug|Any CPU
		{96B9D26C-A89F-49C9-B34A-04087CEB8BEA}.Debug|Any CPU.Build.0 = Debug|Any CPU
		{96B9D26C-A89F-49C9-B34A-04087CEB8BEA}.Release|Any CPU.ActiveCfg = Release|Any CPU
		{96B9D26C-A89F-49C9-B34A-04087CEB8BEA}.Release|Any CPU.Build.0 = Release|Any CPU
		{A8E50A99-CBA1-4FE3-B6BF-8ECE9B7A4059}.Debug|Any CPU.ActiveCfg = Debug|Any CPU
		{A8E50A99-CBA1-4FE3-B6BF-8ECE9B7A4059}.Debug|Any CPU.Build.0 = Debug|Any CPU
		{A8E50A99-CBA1-4FE3-B6BF-8ECE9B7A4059}.Release|Any CPU.ActiveCfg = Release|Any CPU
		{A8E50A99-CBA1-4FE3-B6BF-8ECE9B7A4059}.Release|Any CPU.Build.0 = Release|Any CPU
		{8E7EA455-CA8C-4EE4-8D79-51CC5B8AB3C0}.Debug|Any CPU.ActiveCfg = Debug|Any CPU
		{8E7EA455-CA8C-4EE4-8D79-51CC5B8AB3C0}.Debug|Any CPU.Build.0 = Debug|Any CPU
		{8E7EA455-CA8C-4EE4-8D79-51CC5B8AB3C0}.Release|Any CPU.ActiveCfg = Release|Any CPU
		{8E7EA455-CA8C-4EE4-8D79-51CC5B8AB3C0}.Release|Any CPU.Build.0 = Release|Any CPU
		{79BD9690-A771-4E50-ADEF-289332787A3E}.Debug|Any CPU.ActiveCfg = Debug|Any CPU
		{79BD9690-A771-4E50-ADEF-289332787A3E}.Debug|Any CPU.Build.0 = Debug|Any CPU
		{79BD9690-A771-4E50-ADEF-289332787A3E}.Release|Any CPU.ActiveCfg = Release|Any CPU
		{79BD9690-A771-4E50-ADEF-289332787A3E}.Release|Any CPU.Build.0 = Release|Any CPU
		{408F4BF7-611B-4AFB-846F-4B870E96DCD3}.Debug|Any CPU.ActiveCfg = Debug|Any CPU
		{408F4BF7-611B-4AFB-846F-4B870E96DCD3}.Debug|Any CPU.Build.0 = Debug|Any CPU
		{408F4BF7-611B-4AFB-846F-4B870E96DCD3}.Release|Any CPU.ActiveCfg = Release|Any CPU
		{408F4BF7-611B-4AFB-846F-4B870E96DCD3}.Release|Any CPU.Build.0 = Release|Any CPU
		{E1CCC180-8DA0-44F2-89E9-7DA1B8AC94AF}.Debug|Any CPU.ActiveCfg = Debug|Any CPU
		{E1CCC180-8DA0-44F2-89E9-7DA1B8AC94AF}.Debug|Any CPU.Build.0 = Debug|Any CPU
		{E1CCC180-8DA0-44F2-89E9-7DA1B8AC94AF}.Release|Any CPU.ActiveCfg = Release|Any CPU
		{E1CCC180-8DA0-44F2-89E9-7DA1B8AC94AF}.Release|Any CPU.Build.0 = Release|Any CPU
		{1D4D3686-719B-4671-8CE8-FBEBA8E04E18}.Debug|Any CPU.ActiveCfg = Debug|Any CPU
		{1D4D3686-719B-4671-8CE8-FBEBA8E04E18}.Debug|Any CPU.Build.0 = Debug|Any CPU
		{1D4D3686-719B-4671-8CE8-FBEBA8E04E18}.Release|Any CPU.ActiveCfg = Release|Any CPU
		{1D4D3686-719B-4671-8CE8-FBEBA8E04E18}.Release|Any CPU.Build.0 = Release|Any CPU
		{68433C11-167C-446F-BAA6-A995B4CD63F0}.Debug|Any CPU.ActiveCfg = Debug|Any CPU
		{68433C11-167C-446F-BAA6-A995B4CD63F0}.Debug|Any CPU.Build.0 = Debug|Any CPU
		{68433C11-167C-446F-BAA6-A995B4CD63F0}.Release|Any CPU.ActiveCfg = Release|Any CPU
		{68433C11-167C-446F-BAA6-A995B4CD63F0}.Release|Any CPU.Build.0 = Release|Any CPU
		{71EEBAA9-E4D1-4727-BD15-50583B748B03}.Debug|Any CPU.ActiveCfg = Debug|Any CPU
		{71EEBAA9-E4D1-4727-BD15-50583B748B03}.Debug|Any CPU.Build.0 = Debug|Any CPU
		{71EEBAA9-E4D1-4727-BD15-50583B748B03}.Release|Any CPU.ActiveCfg = Release|Any CPU
		{71EEBAA9-E4D1-4727-BD15-50583B748B03}.Release|Any CPU.Build.0 = Release|Any CPU
		{188A8B10-481F-456C-8A2B-D1697E4A3DE2}.Debug|Any CPU.ActiveCfg = Debug|Any CPU
		{188A8B10-481F-456C-8A2B-D1697E4A3DE2}.Debug|Any CPU.Build.0 = Debug|Any CPU
		{188A8B10-481F-456C-8A2B-D1697E4A3DE2}.Release|Any CPU.ActiveCfg = Release|Any CPU
		{188A8B10-481F-456C-8A2B-D1697E4A3DE2}.Release|Any CPU.Build.0 = Release|Any CPU
	EndGlobalSection
	GlobalSection(SolutionProperties) = preSolution
		HideSolutionNode = FALSE
	EndGlobalSection
	GlobalSection(NestedProjects) = preSolution
		{DDE836CD-4A7A-42B9-A27F-A671C69EB852} = {02EA681E-C7D8-13C7-8484-4AC65E1B71E8}
		{01236691-0F14-4BB0-B3AA-24FFE1F7A1BA} = {02EA681E-C7D8-13C7-8484-4AC65E1B71E8}
		{96B9D26C-A89F-49C9-B34A-04087CEB8BEA} = {02EA681E-C7D8-13C7-8484-4AC65E1B71E8}
		{A8E50A99-CBA1-4FE3-B6BF-8ECE9B7A4059} = {4D7A559E-D19F-4F40-A129-53A096BD4EFB}
		{8E7EA455-CA8C-4EE4-8D79-51CC5B8AB3C0} = {4D7A559E-D19F-4F40-A129-53A096BD4EFB}
		{79BD9690-A771-4E50-ADEF-289332787A3E} = {4D7A559E-D19F-4F40-A129-53A096BD4EFB}
		{408F4BF7-611B-4AFB-846F-4B870E96DCD3} = {3F291DD9-8928-4A77-AD2E-F6DDFD1700F1}
		{E1CCC180-8DA0-44F2-89E9-7DA1B8AC94AF} = {3F291DD9-8928-4A77-AD2E-F6DDFD1700F1}
		{1D4D3686-719B-4671-8CE8-FBEBA8E04E18} = {3F291DD9-8928-4A77-AD2E-F6DDFD1700F1}
		{68433C11-167C-446F-BAA6-A995B4CD63F0} = {636FE0F0-031C-4DBB-8803-7BB778BF6D33}
		{71EEBAA9-E4D1-4727-BD15-50583B748B03} = {636FE0F0-031C-4DBB-8803-7BB778BF6D33}
		{188A8B10-481F-456C-8A2B-D1697E4A3DE2} = {636FE0F0-031C-4DBB-8803-7BB778BF6D33}
	EndGlobalSection
	GlobalSection(ExtensibilityGlobals) = postSolution
		SolutionGuid = {CC058849-1D30-4A41-B5B2-716EA03872DF}
	EndGlobalSection
EndGlobal
